
Microsoft Visual Studio Solution File, Format Version 12.00
# Visual Studio Version 16
VisualStudioVersion = 16.0.29519.87
MinimumVisualStudioVersion = 10.0.40219.1
Project("{6EC3EE1D-3C4E-46DD-8F32-0CC8E7565705}") = "Day4", "Day4\Day4.fsproj", "{E7FEF0E1-406D-4EF6-A699-F1BD56DAFD7D}"
EndProject
Project("{6EC3EE1D-3C4E-46DD-8F32-0CC8E7565705}") = "2018Day1", "2018Day1\2018Day1.fsproj", "{23A7DCC3-0491-441A-BAB0-0F1A81F2B864}"
EndProject
Project("{6EC3EE1D-3C4E-46DD-8F32-0CC8E7565705}") = "IntcodeComputer", "IntcodeComputer\IntcodeComputer.fsproj", "{6CB0C5E0-AA7D-42E2-8D3F-58C5796C17A3}"
EndProject
Project("{6EC3EE1D-3C4E-46DD-8F32-0CC8E7565705}") = "2019Day1", "2019Day1\2019Day1.fsproj", "{A0F6D525-F4A9-466F-B809-D4F1B96608BC}"
EndProject
Project("{6EC3EE1D-3C4E-46DD-8F32-0CC8E7565705}") = "2019Day2", "2019Day2\2019Day2.fsproj", "{C1F1115C-6BB1-4651-922E-70B9143550CA}"
EndProject
Project("{6EC3EE1D-3C4E-46DD-8F32-0CC8E7565705}") = "2019Day5", "2019Day5\2019Day5.fsproj", "{A60D2002-3A3B-4F83-B6DD-01A8533FDF7B}"
EndProject
Project("{6EC3EE1D-3C4E-46DD-8F32-0CC8E7565705}") = "2019Day7", "2019Day7\2019Day7.fsproj", "{DC83A6D7-E507-4452-A259-69EDE293450A}"
EndProject
Project("{6EC3EE1D-3C4E-46DD-8F32-0CC8E7565705}") = "2019Day9", "2019Day9\2019Day9.fsproj", "{52BF39D8-66E5-41B3-9606-2847CB1A6B63}"
EndProject
Project("{6EC3EE1D-3C4E-46DD-8F32-0CC8E7565705}") = "2019Day4", "2019Day4\2019Day4.fsproj", "{19320B85-86D6-48A0-A841-CB92070A3046}"
EndProject
Project("{6EC3EE1D-3C4E-46DD-8F32-0CC8E7565705}") = "2019Day3", "2019Day3\2019Day3.fsproj", "{E23A66A7-AA1F-4542-AD7D-F52E3E57B63D}"
EndProject
Project("{6EC3EE1D-3C4E-46DD-8F32-0CC8E7565705}") = "Visualizer", "Visualizer\Visualizer.fsproj", "{06CA7FF6-D69F-43F2-804F-1687F2EFCE3F}"
EndProject
Project("{6EC3EE1D-3C4E-46DD-8F32-0CC8E7565705}") = "2019Day11", "2019Day11\2019Day11.fsproj", "{1D49099E-1E27-4369-A645-62D3332C6C5F}"
EndProject
Project("{6EC3EE1D-3C4E-46DD-8F32-0CC8E7565705}") = "2019Day13", "2019Day13\2019Day13.fsproj", "{53DE9209-5311-4C39-8EEB-5B3F6DBB6F39}"
EndProject
Project("{6EC3EE1D-3C4E-46DD-8F32-0CC8E7565705}") = "2019Day6", "2019Day6\2019Day6.fsproj", "{348A160A-ADD5-424C-983E-E659F712275A}"
EndProject
Project("{6EC3EE1D-3C4E-46DD-8F32-0CC8E7565705}") = "2019Day8", "2019Day8\2019Day8.fsproj", "{BB39BB0E-EEF8-4118-B197-AB2E0FECBD5F}"
EndProject
Project("{6EC3EE1D-3C4E-46DD-8F32-0CC8E7565705}") = "2019Day10", "2019Day10\2019Day10.fsproj", "{DDC53751-BD2E-4777-97F3-9DBA5A705634}"
EndProject
Project("{6EC3EE1D-3C4E-46DD-8F32-0CC8E7565705}") = "2020Day01", "2020Day01\2020Day01.fsproj", "{1D0C668B-B9FB-4E21-B9CC-C8010B0E1F65}"
EndProject
Project("{6EC3EE1D-3C4E-46DD-8F32-0CC8E7565705}") = "2020Day02", "2020Day02\2020Day02.fsproj", "{8E680690-44E7-4345-AB2C-6DBBFF1A1D67}"
EndProject
Project("{6EC3EE1D-3C4E-46DD-8F32-0CC8E7565705}") = "2020Day03", "2020Day03\2020Day03.fsproj", "{AA24B258-41A3-4834-BFF7-56457EA924DD}"
EndProject
Project("{6EC3EE1D-3C4E-46DD-8F32-0CC8E7565705}") = "2020Day04", "2020Day04\2020Day04.fsproj", "{9462AE1F-C800-405C-8547-8829291C877B}"
EndProject
Project("{6EC3EE1D-3C4E-46DD-8F32-0CC8E7565705}") = "2020Day05", "2020Day05\2020Day05.fsproj", "{8D2CC7C1-FDFE-4936-90FF-DFF17847CEAF}"
EndProject
Project("{6EC3EE1D-3C4E-46DD-8F32-0CC8E7565705}") = "2020Day06", "2020Day06\2020Day06.fsproj", "{5E1EBD02-C02C-4608-992C-1134D3808A29}"
EndProject
Project("{6EC3EE1D-3C4E-46DD-8F32-0CC8E7565705}") = "2020Day07", "2020Day07\2020Day07.fsproj", "{8E9299C5-F2C4-44A2-8B02-5CF0E7BEA2CA}"
EndProject
Project("{F2A71F9B-5D33-465A-A702-920D77279786}") = "2020Day08", "2020Day08\2020Day08.fsproj", "{86767015-862E-4863-8B71-E8C4C22F14C4}"
EndProject
Project("{F2A71F9B-5D33-465A-A702-920D77279786}") = "Handheld", "Handheld\Handheld.fsproj", "{D1D36E96-9C1B-4C2F-83FF-32D268ED2305}"
EndProject
Project("{F2A71F9B-5D33-465A-A702-920D77279786}") = "2020Day09", "2020Day09\2020Day09.fsproj", "{8E95D3CD-8E47-4B38-BF67-3D991B777083}"
EndProject
Global
	GlobalSection(SolutionConfigurationPlatforms) = preSolution
		Debug|Any CPU = Debug|Any CPU
		Release|Any CPU = Release|Any CPU
	EndGlobalSection
	GlobalSection(ProjectConfigurationPlatforms) = postSolution
		{E7FEF0E1-406D-4EF6-A699-F1BD56DAFD7D}.Debug|Any CPU.ActiveCfg = Debug|Any CPU
		{E7FEF0E1-406D-4EF6-A699-F1BD56DAFD7D}.Debug|Any CPU.Build.0 = Debug|Any CPU
		{E7FEF0E1-406D-4EF6-A699-F1BD56DAFD7D}.Release|Any CPU.ActiveCfg = Release|Any CPU
		{E7FEF0E1-406D-4EF6-A699-F1BD56DAFD7D}.Release|Any CPU.Build.0 = Release|Any CPU
		{23A7DCC3-0491-441A-BAB0-0F1A81F2B864}.Debug|Any CPU.ActiveCfg = Debug|Any CPU
		{23A7DCC3-0491-441A-BAB0-0F1A81F2B864}.Debug|Any CPU.Build.0 = Debug|Any CPU
		{23A7DCC3-0491-441A-BAB0-0F1A81F2B864}.Release|Any CPU.ActiveCfg = Release|Any CPU
		{23A7DCC3-0491-441A-BAB0-0F1A81F2B864}.Release|Any CPU.Build.0 = Release|Any CPU
		{6CB0C5E0-AA7D-42E2-8D3F-58C5796C17A3}.Debug|Any CPU.ActiveCfg = Debug|Any CPU
		{6CB0C5E0-AA7D-42E2-8D3F-58C5796C17A3}.Debug|Any CPU.Build.0 = Debug|Any CPU
		{6CB0C5E0-AA7D-42E2-8D3F-58C5796C17A3}.Release|Any CPU.ActiveCfg = Release|Any CPU
		{6CB0C5E0-AA7D-42E2-8D3F-58C5796C17A3}.Release|Any CPU.Build.0 = Release|Any CPU
		{A0F6D525-F4A9-466F-B809-D4F1B96608BC}.Debug|Any CPU.ActiveCfg = Debug|Any CPU
		{A0F6D525-F4A9-466F-B809-D4F1B96608BC}.Debug|Any CPU.Build.0 = Debug|Any CPU
		{A0F6D525-F4A9-466F-B809-D4F1B96608BC}.Release|Any CPU.ActiveCfg = Release|Any CPU
		{A0F6D525-F4A9-466F-B809-D4F1B96608BC}.Release|Any CPU.Build.0 = Release|Any CPU
		{C1F1115C-6BB1-4651-922E-70B9143550CA}.Debug|Any CPU.ActiveCfg = Debug|Any CPU
		{C1F1115C-6BB1-4651-922E-70B9143550CA}.Debug|Any CPU.Build.0 = Debug|Any CPU
		{C1F1115C-6BB1-4651-922E-70B9143550CA}.Release|Any CPU.ActiveCfg = Release|Any CPU
		{C1F1115C-6BB1-4651-922E-70B9143550CA}.Release|Any CPU.Build.0 = Release|Any CPU
		{A60D2002-3A3B-4F83-B6DD-01A8533FDF7B}.Debug|Any CPU.ActiveCfg = Debug|Any CPU
		{A60D2002-3A3B-4F83-B6DD-01A8533FDF7B}.Debug|Any CPU.Build.0 = Debug|Any CPU
		{A60D2002-3A3B-4F83-B6DD-01A8533FDF7B}.Release|Any CPU.ActiveCfg = Release|Any CPU
		{A60D2002-3A3B-4F83-B6DD-01A8533FDF7B}.Release|Any CPU.Build.0 = Release|Any CPU
		{DC83A6D7-E507-4452-A259-69EDE293450A}.Debug|Any CPU.ActiveCfg = Debug|Any CPU
		{DC83A6D7-E507-4452-A259-69EDE293450A}.Debug|Any CPU.Build.0 = Debug|Any CPU
		{DC83A6D7-E507-4452-A259-69EDE293450A}.Release|Any CPU.ActiveCfg = Release|Any CPU
		{DC83A6D7-E507-4452-A259-69EDE293450A}.Release|Any CPU.Build.0 = Release|Any CPU
		{52BF39D8-66E5-41B3-9606-2847CB1A6B63}.Debug|Any CPU.ActiveCfg = Debug|Any CPU
		{52BF39D8-66E5-41B3-9606-2847CB1A6B63}.Debug|Any CPU.Build.0 = Debug|Any CPU
		{52BF39D8-66E5-41B3-9606-2847CB1A6B63}.Release|Any CPU.ActiveCfg = Release|Any CPU
		{52BF39D8-66E5-41B3-9606-2847CB1A6B63}.Release|Any CPU.Build.0 = Release|Any CPU
		{19320B85-86D6-48A0-A841-CB92070A3046}.Debug|Any CPU.ActiveCfg = Debug|Any CPU
		{19320B85-86D6-48A0-A841-CB92070A3046}.Debug|Any CPU.Build.0 = Debug|Any CPU
		{19320B85-86D6-48A0-A841-CB92070A3046}.Release|Any CPU.ActiveCfg = Release|Any CPU
		{19320B85-86D6-48A0-A841-CB92070A3046}.Release|Any CPU.Build.0 = Release|Any CPU
		{E23A66A7-AA1F-4542-AD7D-F52E3E57B63D}.Debug|Any CPU.ActiveCfg = Debug|Any CPU
		{E23A66A7-AA1F-4542-AD7D-F52E3E57B63D}.Debug|Any CPU.Build.0 = Debug|Any CPU
		{E23A66A7-AA1F-4542-AD7D-F52E3E57B63D}.Release|Any CPU.ActiveCfg = Release|Any CPU
		{E23A66A7-AA1F-4542-AD7D-F52E3E57B63D}.Release|Any CPU.Build.0 = Release|Any CPU
		{06CA7FF6-D69F-43F2-804F-1687F2EFCE3F}.Debug|Any CPU.ActiveCfg = Debug|Any CPU
		{06CA7FF6-D69F-43F2-804F-1687F2EFCE3F}.Debug|Any CPU.Build.0 = Debug|Any CPU
		{06CA7FF6-D69F-43F2-804F-1687F2EFCE3F}.Release|Any CPU.ActiveCfg = Release|Any CPU
		{06CA7FF6-D69F-43F2-804F-1687F2EFCE3F}.Release|Any CPU.Build.0 = Release|Any CPU
		{1D49099E-1E27-4369-A645-62D3332C6C5F}.Debug|Any CPU.ActiveCfg = Debug|Any CPU
		{1D49099E-1E27-4369-A645-62D3332C6C5F}.Debug|Any CPU.Build.0 = Debug|Any CPU
		{1D49099E-1E27-4369-A645-62D3332C6C5F}.Release|Any CPU.ActiveCfg = Release|Any CPU
		{1D49099E-1E27-4369-A645-62D3332C6C5F}.Release|Any CPU.Build.0 = Release|Any CPU
		{53DE9209-5311-4C39-8EEB-5B3F6DBB6F39}.Debug|Any CPU.ActiveCfg = Debug|Any CPU
		{53DE9209-5311-4C39-8EEB-5B3F6DBB6F39}.Debug|Any CPU.Build.0 = Debug|Any CPU
		{53DE9209-5311-4C39-8EEB-5B3F6DBB6F39}.Release|Any CPU.ActiveCfg = Release|Any CPU
		{53DE9209-5311-4C39-8EEB-5B3F6DBB6F39}.Release|Any CPU.Build.0 = Release|Any CPU
		{348A160A-ADD5-424C-983E-E659F712275A}.Debug|Any CPU.ActiveCfg = Debug|Any CPU
		{348A160A-ADD5-424C-983E-E659F712275A}.Debug|Any CPU.Build.0 = Debug|Any CPU
		{348A160A-ADD5-424C-983E-E659F712275A}.Release|Any CPU.ActiveCfg = Release|Any CPU
		{348A160A-ADD5-424C-983E-E659F712275A}.Release|Any CPU.Build.0 = Release|Any CPU
		{BB39BB0E-EEF8-4118-B197-AB2E0FECBD5F}.Debug|Any CPU.ActiveCfg = Debug|Any CPU
		{BB39BB0E-EEF8-4118-B197-AB2E0FECBD5F}.Debug|Any CPU.Build.0 = Debug|Any CPU
		{BB39BB0E-EEF8-4118-B197-AB2E0FECBD5F}.Release|Any CPU.ActiveCfg = Release|Any CPU
		{BB39BB0E-EEF8-4118-B197-AB2E0FECBD5F}.Release|Any CPU.Build.0 = Release|Any CPU
		{DDC53751-BD2E-4777-97F3-9DBA5A705634}.Debug|Any CPU.ActiveCfg = Debug|Any CPU
		{DDC53751-BD2E-4777-97F3-9DBA5A705634}.Debug|Any CPU.Build.0 = Debug|Any CPU
		{DDC53751-BD2E-4777-97F3-9DBA5A705634}.Release|Any CPU.ActiveCfg = Release|Any CPU
		{DDC53751-BD2E-4777-97F3-9DBA5A705634}.Release|Any CPU.Build.0 = Release|Any CPU
		{1D0C668B-B9FB-4E21-B9CC-C8010B0E1F65}.Debug|Any CPU.ActiveCfg = Debug|Any CPU
		{1D0C668B-B9FB-4E21-B9CC-C8010B0E1F65}.Debug|Any CPU.Build.0 = Debug|Any CPU
		{1D0C668B-B9FB-4E21-B9CC-C8010B0E1F65}.Release|Any CPU.ActiveCfg = Release|Any CPU
		{1D0C668B-B9FB-4E21-B9CC-C8010B0E1F65}.Release|Any CPU.Build.0 = Release|Any CPU
		{8E680690-44E7-4345-AB2C-6DBBFF1A1D67}.Debug|Any CPU.ActiveCfg = Debug|Any CPU
		{8E680690-44E7-4345-AB2C-6DBBFF1A1D67}.Debug|Any CPU.Build.0 = Debug|Any CPU
		{8E680690-44E7-4345-AB2C-6DBBFF1A1D67}.Release|Any CPU.ActiveCfg = Release|Any CPU
		{8E680690-44E7-4345-AB2C-6DBBFF1A1D67}.Release|Any CPU.Build.0 = Release|Any CPU
		{AA24B258-41A3-4834-BFF7-56457EA924DD}.Debug|Any CPU.ActiveCfg = Debug|Any CPU
		{AA24B258-41A3-4834-BFF7-56457EA924DD}.Debug|Any CPU.Build.0 = Debug|Any CPU
		{AA24B258-41A3-4834-BFF7-56457EA924DD}.Release|Any CPU.ActiveCfg = Release|Any CPU
		{AA24B258-41A3-4834-BFF7-56457EA924DD}.Release|Any CPU.Build.0 = Release|Any CPU
		{9462AE1F-C800-405C-8547-8829291C877B}.Debug|Any CPU.ActiveCfg = Debug|Any CPU
		{9462AE1F-C800-405C-8547-8829291C877B}.Debug|Any CPU.Build.0 = Debug|Any CPU
		{9462AE1F-C800-405C-8547-8829291C877B}.Release|Any CPU.ActiveCfg = Release|Any CPU
		{9462AE1F-C800-405C-8547-8829291C877B}.Release|Any CPU.Build.0 = Release|Any CPU
		{8D2CC7C1-FDFE-4936-90FF-DFF17847CEAF}.Debug|Any CPU.ActiveCfg = Debug|Any CPU
		{8D2CC7C1-FDFE-4936-90FF-DFF17847CEAF}.Debug|Any CPU.Build.0 = Debug|Any CPU
		{8D2CC7C1-FDFE-4936-90FF-DFF17847CEAF}.Release|Any CPU.ActiveCfg = Release|Any CPU
		{8D2CC7C1-FDFE-4936-90FF-DFF17847CEAF}.Release|Any CPU.Build.0 = Release|Any CPU
		{5E1EBD02-C02C-4608-992C-1134D3808A29}.Debug|Any CPU.ActiveCfg = Debug|Any CPU
		{5E1EBD02-C02C-4608-992C-1134D3808A29}.Debug|Any CPU.Build.0 = Debug|Any CPU
		{5E1EBD02-C02C-4608-992C-1134D3808A29}.Release|Any CPU.ActiveCfg = Release|Any CPU
		{5E1EBD02-C02C-4608-992C-1134D3808A29}.Release|Any CPU.Build.0 = Release|Any CPU
		{8E9299C5-F2C4-44A2-8B02-5CF0E7BEA2CA}.Debug|Any CPU.ActiveCfg = Debug|Any CPU
		{8E9299C5-F2C4-44A2-8B02-5CF0E7BEA2CA}.Debug|Any CPU.Build.0 = Debug|Any CPU
		{8E9299C5-F2C4-44A2-8B02-5CF0E7BEA2CA}.Release|Any CPU.ActiveCfg = Release|Any CPU
		{8E9299C5-F2C4-44A2-8B02-5CF0E7BEA2CA}.Release|Any CPU.Build.0 = Release|Any CPU
		{86767015-862E-4863-8B71-E8C4C22F14C4}.Debug|Any CPU.ActiveCfg = Debug|Any CPU
		{86767015-862E-4863-8B71-E8C4C22F14C4}.Debug|Any CPU.Build.0 = Debug|Any CPU
		{86767015-862E-4863-8B71-E8C4C22F14C4}.Release|Any CPU.ActiveCfg = Release|Any CPU
		{86767015-862E-4863-8B71-E8C4C22F14C4}.Release|Any CPU.Build.0 = Release|Any CPU
		{D1D36E96-9C1B-4C2F-83FF-32D268ED2305}.Debug|Any CPU.ActiveCfg = Debug|Any CPU
		{D1D36E96-9C1B-4C2F-83FF-32D268ED2305}.Debug|Any CPU.Build.0 = Debug|Any CPU
		{D1D36E96-9C1B-4C2F-83FF-32D268ED2305}.Release|Any CPU.ActiveCfg = Release|Any CPU
		{D1D36E96-9C1B-4C2F-83FF-32D268ED2305}.Release|Any CPU.Build.0 = Release|Any CPU
		{8E95D3CD-8E47-4B38-BF67-3D991B777083}.Debug|Any CPU.ActiveCfg = Debug|Any CPU
		{8E95D3CD-8E47-4B38-BF67-3D991B777083}.Debug|Any CPU.Build.0 = Debug|Any CPU
		{8E95D3CD-8E47-4B38-BF67-3D991B777083}.Release|Any CPU.ActiveCfg = Release|Any CPU
		{8E95D3CD-8E47-4B38-BF67-3D991B777083}.Release|Any CPU.Build.0 = Release|Any CPU
	EndGlobalSection
	GlobalSection(SolutionProperties) = preSolution
		HideSolutionNode = FALSE
	EndGlobalSection
	GlobalSection(ExtensibilityGlobals) = postSolution
		SolutionGuid = {D7FB24A1-AA29-4E89-A161-E1962E2E7BCA}
	EndGlobalSection
EndGlobal
